
Microsoft Visual Studio Solution File, Format Version 12.00
# Visual Studio Version 17
VisualStudioVersion = 17.6.33829.357
MinimumVisualStudioVersion = 10.0.40219.1
Project("{FAE04EC0-301F-11D3-BF4B-00C04F79EFBC}") = "ShoppingCart", "ShoppingCart.csproj", "{7AF65DB9-48C2-4D07-AC81-6DF687CC291F}"
EndProject
Global
	GlobalSection(SolutionConfigurationPlatforms) = preSolution
		Debug|Any CPU = Debug|Any CPU
		Release|Any CPU = Release|Any CPU
	EndGlobalSection
	GlobalSection(ProjectConfigurationPlatforms) = postSolution
		{7AF65DB9-48C2-4D07-AC81-6DF687CC291F}.Debug|Any CPU.ActiveCfg = Debug|Any CPU
		{7AF65DB9-48C2-4D07-AC81-6DF687CC291F}.Debug|Any CPU.Build.0 = Debug|Any CPU
		{7AF65DB9-48C2-4D07-AC81-6DF687CC291F}.Release|Any CPU.ActiveCfg = Release|Any CPU
		{7AF65DB9-48C2-4D07-AC81-6DF687CC291F}.Release|Any CPU.Build.0 = Release|Any CPU
	EndGlobalSection
	GlobalSection(SolutionProperties) = preSolution
		HideSolutionNode = FALSE
	EndGlobalSection
	GlobalSection(ExtensibilityGlobals) = postSolution
		SolutionGuid = {179A0C47-95C3-49CB-8426-873829608150}
	EndGlobalSection
EndGlobal
